
Microsoft Visual Studio Solution File, Format Version 12.00
# Visual Studio 14
VisualStudioVersion = 14.0.24720.0
MinimumVisualStudioVersion = 10.0.40219.1
Project("{FAE04EC0-301F-11D3-BF4B-00C04F79EFBC}") = "JwNetSurvey", "JwNetSurvey\JwNetSurvey.csproj", "{BD475D45-C408-49F2-A130-6F99C829462F}"
EndProject
Project("{FAE04EC0-301F-11D3-BF4B-00C04F79EFBC}") = "JwNetSurveyTest", "JwNetSurveryTest\JwNetSurveyTest.csproj", "{53012906-44F3-40A6-8A23-7535CFB4EF73}"
EndProject
Global
	GlobalSection(SolutionConfigurationPlatforms) = preSolution
		Debug|Any CPU = Debug|Any CPU
		Release|Any CPU = Release|Any CPU
	EndGlobalSection
	GlobalSection(ProjectConfigurationPlatforms) = postSolution
		{BD475D45-C408-49F2-A130-6F99C829462F}.Debug|Any CPU.ActiveCfg = Debug|Any CPU
		{BD475D45-C408-49F2-A130-6F99C829462F}.Debug|Any CPU.Build.0 = Debug|Any CPU
		{BD475D45-C408-49F2-A130-6F99C829462F}.Release|Any CPU.ActiveCfg = Release|Any CPU
		{BD475D45-C408-49F2-A130-6F99C829462F}.Release|Any CPU.Build.0 = Release|Any CPU
		{53012906-44F3-40A6-8A23-7535CFB4EF73}.Debug|Any CPU.ActiveCfg = Debug|Any CPU
		{53012906-44F3-40A6-8A23-7535CFB4EF73}.Debug|Any CPU.Build.0 = Debug|Any CPU
		{53012906-44F3-40A6-8A23-7535CFB4EF73}.Release|Any CPU.ActiveCfg = Release|Any CPU
		{53012906-44F3-40A6-8A23-7535CFB4EF73}.Release|Any CPU.Build.0 = Release|Any CPU
	EndGlobalSection
	GlobalSection(SolutionProperties) = preSolution
		HideSolutionNode = FALSE
	EndGlobalSection
EndGlobal
